
Microsoft Visual Studio Solution File, Format Version 12.00
# Visual Studio Version 16
VisualStudioVersion = 16.0.32901.82
MinimumVisualStudioVersion = 10.0.40219.1
Project("{FAE04EC0-301F-11D3-BF4B-00C04F79EFBC}") = "SudokoGame", "SudokoGame.csproj", "{570BD023-2127-4A61-B326-E542D564F693}"
EndProject
Global
	GlobalSection(SolutionConfigurationPlatforms) = preSolution
		Debug|Any CPU = Debug|Any CPU
		Release|Any CPU = Release|Any CPU
	EndGlobalSection
	GlobalSection(ProjectConfigurationPlatforms) = postSolution
		{570BD023-2127-4A61-B326-E542D564F693}.Debug|Any CPU.ActiveCfg = Debug|Any CPU
		{570BD023-2127-4A61-B326-E542D564F693}.Debug|Any CPU.Build.0 = Debug|Any CPU
		{570BD023-2127-4A61-B326-E542D564F693}.Release|Any CPU.ActiveCfg = Release|Any CPU
		{570BD023-2127-4A61-B326-E542D564F693}.Release|Any CPU.Build.0 = Release|Any CPU
	EndGlobalSection
	GlobalSection(SolutionProperties) = preSolution
		HideSolutionNode = FALSE
	EndGlobalSection
	GlobalSection(ExtensibilityGlobals) = postSolution
		SolutionGuid = {F8B56C51-F9B5-4091-A44D-59FE0B648D3B}
	EndGlobalSection
EndGlobal
