
Microsoft Visual Studio Solution File, Format Version 12.00
# Visual Studio Version 16
VisualStudioVersion = 16.0.32901.82
MinimumVisualStudioVersion = 10.0.40219.1
Project("{FAE04EC0-301F-11D3-BF4B-00C04F79EFBC}") = "json", "json.csproj", "{AACC8B9F-3CE0-4B2A-9463-A1256F8FD126}"
EndProject
Global
	GlobalSection(SolutionConfigurationPlatforms) = preSolution
		Debug|Any CPU = Debug|Any CPU
		Release|Any CPU = Release|Any CPU
	EndGlobalSection
	GlobalSection(ProjectConfigurationPlatforms) = postSolution
		{AACC8B9F-3CE0-4B2A-9463-A1256F8FD126}.Debug|Any CPU.ActiveCfg = Debug|Any CPU
		{AACC8B9F-3CE0-4B2A-9463-A1256F8FD126}.Debug|Any CPU.Build.0 = Debug|Any CPU
		{AACC8B9F-3CE0-4B2A-9463-A1256F8FD126}.Release|Any CPU.ActiveCfg = Release|Any CPU
		{AACC8B9F-3CE0-4B2A-9463-A1256F8FD126}.Release|Any CPU.Build.0 = Release|Any CPU
	EndGlobalSection
	GlobalSection(SolutionProperties) = preSolution
		HideSolutionNode = FALSE
	EndGlobalSection
	GlobalSection(ExtensibilityGlobals) = postSolution
		SolutionGuid = {D0C44970-911C-4D7C-AE11-66B4167CDB60}
	EndGlobalSection
EndGlobal
