
Microsoft Visual Studio Solution File, Format Version 12.00
# Visual Studio Version 16
VisualStudioVersion = 16.0.32901.82
MinimumVisualStudioVersion = 10.0.40219.1
Project("{FAE04EC0-301F-11D3-BF4B-00C04F79EFBC}") = "Server", "Server.csproj", "{3BFC8DE9-3578-45D9-BAD2-3C4D4B52DA1C}"
EndProject
Global
	GlobalSection(SolutionConfigurationPlatforms) = preSolution
		Debug|Any CPU = Debug|Any CPU
		Release|Any CPU = Release|Any CPU
	EndGlobalSection
	GlobalSection(ProjectConfigurationPlatforms) = postSolution
		{3BFC8DE9-3578-45D9-BAD2-3C4D4B52DA1C}.Debug|Any CPU.ActiveCfg = Debug|Any CPU
		{3BFC8DE9-3578-45D9-BAD2-3C4D4B52DA1C}.Debug|Any CPU.Build.0 = Debug|Any CPU
		{3BFC8DE9-3578-45D9-BAD2-3C4D4B52DA1C}.Release|Any CPU.ActiveCfg = Release|Any CPU
		{3BFC8DE9-3578-45D9-BAD2-3C4D4B52DA1C}.Release|Any CPU.Build.0 = Release|Any CPU
	EndGlobalSection
	GlobalSection(SolutionProperties) = preSolution
		HideSolutionNode = FALSE
	EndGlobalSection
	GlobalSection(ExtensibilityGlobals) = postSolution
		SolutionGuid = {C72B70A6-5E66-4795-9C0D-A0781F6D0359}
	EndGlobalSection
EndGlobal
